# This file is automatically @generated by Cargo.
# It is not intended for manual editing.
version = 3

[[package]]
name = "byteorder"
version = "0.5.3"
source = "registry+https://github.com/rust-lang/crates.io-index"
checksum = "0fc10e8cc6b2580fda3f36eb6dc5316657f812a3df879a44a66fc9f0fdbc4855"

[[package]]
name = "byteorder"
version = "1.4.3"
source = "registry+https://github.com/rust-lang/crates.io-index"
checksum = "14c189c53d098945499cdfa7ecc63567cf3886b3332b312a5b4585d8d3a6a610"

[[package]]
name = "hex"
version = "0.4.3"
source = "registry+https://github.com/rust-lang/crates.io-index"
checksum = "7f24254aa9a54b5c858eaee2f5bccdb46aaf0e486a595ed5fd8f86ba55232a70"

[[package]]
name = "kernel32-sys"
version = "0.2.2"
source = "registry+https://github.com/rust-lang/crates.io-index"
checksum = "7507624b29483431c0ba2d82aece8ca6cdba9382bff4ddd0f7490560c056098d"
dependencies = [
 "winapi",
 "winapi-build",
]

[[package]]
name = "libc"
version = "0.2.93"
source = "registry+https://github.com/rust-lang/crates.io-index"
checksum = "9385f66bf6105b241aa65a61cb923ef20efc665cb9f9bb50ac2f0c4b7f378d41"

[[package]]
name = "positioned-io"
version = "0.2.2"
source = "registry+https://github.com/rust-lang/crates.io-index"
checksum = "c405a565f48a728dbb07fa1770e30791b0fa3e6344c1e5615225ce84049354d6"
dependencies = [
 "byteorder 0.5.3",
 "kernel32-sys",
 "libc",
 "winapi",
]

[[package]]
name = "proc-macro-hack"
version = "0.4.3"
source = "registry+https://github.com/rust-lang/crates.io-index"
checksum = "d7f95648580798cc44ff8efb9bb0d7ee5205ea32e087b31b0732f3e8c2648ee2"
dependencies = [
 "proc-macro-hack-impl",
]

[[package]]
name = "proc-macro-hack-impl"
version = "0.4.3"
source = "registry+https://github.com/rust-lang/crates.io-index"
checksum = "7be55bf0ae1635f4d7c7ddd6efc05c631e98a82104a73d35550bbc52db960027"

[[package]]
name = "quote"
version = "0.3.15"
source = "registry+https://github.com/rust-lang/crates.io-index"
checksum = "7a6e920b65c65f10b2ae65c831a81a073a89edd28c7cce89475bff467ab4167a"

[[package]]
name = "rustdecrypt"
version = "0.1.0"
dependencies = [
 "hex",
 "positioned-io",
 "structure",
]

[[package]]
name = "structure"
version = "0.1.2"
source = "registry+https://github.com/rust-lang/crates.io-index"
checksum = "a8379aeb9cf8935b018b14d9191b15096e984ad8b77424b9bce075ea15d1fa59"
dependencies = [
 "byteorder 1.4.3",
 "proc-macro-hack",
 "structure-macro-impl",
]

[[package]]
name = "structure-macro-impl"
version = "0.1.2"
source = "registry+https://github.com/rust-lang/crates.io-index"
checksum = "e0c0529f2429c8bb5878688fffab7f700087f4bd47906e6acf03fd7361f77aca"
dependencies = [
 "proc-macro-hack",
 "quote",
]

[[package]]
name = "winapi"
version = "0.2.8"
source = "registry+https://github.com/rust-lang/crates.io-index"
checksum = "167dc9d6949a9b857f3451275e911c3f44255842c1f7a76f33c55103a909087a"

[[package]]
name = "winapi-build"
version = "0.1.1"
source = "registry+https://github.com/rust-lang/crates.io-index"
checksum = "2d315eee3b34aca4797b2da6b13ed88266e6d612562a0c46390af8299fc699bc"
